
Microsoft Visual Studio Solution File, Format Version 12.00
# Visual Studio Version 16
VisualStudioVersion = 16.6.30114.105
MinimumVisualStudioVersion = 10.0.40219.1
Project("{9A19103F-16F7-4668-BE54-9A1E7A4F7556}") = "R5T.T0071", "R5T.T0071\R5T.T0071.csproj", "{DE113653-9C9B-45B4-ADAE-18F91401D674}"
EndProject
Project("{2150E333-8FDC-42A3-9474-1A3956D46DE8}") = "_Dependencies", "_Dependencies", "{A4342A95-7549-4484-801C-7E82F75ACBB7}"
EndProject
Project("{9A19103F-16F7-4668-BE54-9A1E7A4F7556}") = "R5T.T0039.T002", "..\..\R5T.T0039\source\R5T.T0039.T002\R5T.T0039.T002.csproj", "{80FBF7F2-6300-427D-BF7D-44E3F22647B7}"
EndProject
Project("{9A19103F-16F7-4668-BE54-9A1E7A4F7556}") = "R5T.T0071.X001", "R5T.T0071.X001\R5T.T0071.X001.csproj", "{85F7FAFE-66F1-484F-BCA4-9BBA385A079B}"
EndProject
Project("{9A19103F-16F7-4668-BE54-9A1E7A4F7556}") = "R5T.L0016.X001", "..\..\R5T.L0016\source\R5T.L0016.X001\R5T.L0016.X001.csproj", "{B9CF2CEB-A295-4D04-BA67-E3F967DA4921}"
EndProject
Project("{9A19103F-16F7-4668-BE54-9A1E7A4F7556}") = "R5T.T0076", "..\..\R5T.T0076\source\R5T.T0076\R5T.T0076.csproj", "{1D7CDAB2-6FDB-469E-A4D7-3725552F295E}"
EndProject
Global
	GlobalSection(SolutionConfigurationPlatforms) = preSolution
		Debug|Any CPU = Debug|Any CPU
		Debug|x64 = Debug|x64
		Debug|x86 = Debug|x86
		Release|Any CPU = Release|Any CPU
		Release|x64 = Release|x64
		Release|x86 = Release|x86
	EndGlobalSection
	GlobalSection(ProjectConfigurationPlatforms) = postSolution
		{DE113653-9C9B-45B4-ADAE-18F91401D674}.Debug|Any CPU.ActiveCfg = Debug|Any CPU
		{DE113653-9C9B-45B4-ADAE-18F91401D674}.Debug|Any CPU.Build.0 = Debug|Any CPU
		{DE113653-9C9B-45B4-ADAE-18F91401D674}.Debug|x64.ActiveCfg = Debug|Any CPU
		{DE113653-9C9B-45B4-ADAE-18F91401D674}.Debug|x64.Build.0 = Debug|Any CPU
		{DE113653-9C9B-45B4-ADAE-18F91401D674}.Debug|x86.ActiveCfg = Debug|Any CPU
		{DE113653-9C9B-45B4-ADAE-18F91401D674}.Debug|x86.Build.0 = Debug|Any CPU
		{DE113653-9C9B-45B4-ADAE-18F91401D674}.Release|Any CPU.ActiveCfg = Release|Any CPU
		{DE113653-9C9B-45B4-ADAE-18F91401D674}.Release|Any CPU.Build.0 = Release|Any CPU
		{DE113653-9C9B-45B4-ADAE-18F91401D674}.Release|x64.ActiveCfg = Release|Any CPU
		{DE113653-9C9B-45B4-ADAE-18F91401D674}.Release|x64.Build.0 = Release|Any CPU
		{DE113653-9C9B-45B4-ADAE-18F91401D674}.Release|x86.ActiveCfg = Release|Any CPU
		{DE113653-9C9B-45B4-ADAE-18F91401D674}.Release|x86.Build.0 = Release|Any CPU
		{80FBF7F2-6300-427D-BF7D-44E3F22647B7}.Debug|Any CPU.ActiveCfg = Debug|Any CPU
		{80FBF7F2-6300-427D-BF7D-44E3F22647B7}.Debug|Any CPU.Build.0 = Debug|Any CPU
		{80FBF7F2-6300-427D-BF7D-44E3F22647B7}.Debug|x64.ActiveCfg = Debug|Any CPU
		{80FBF7F2-6300-427D-BF7D-44E3F22647B7}.Debug|x64.Build.0 = Debug|Any CPU
		{80FBF7F2-6300-427D-BF7D-44E3F22647B7}.Debug|x86.ActiveCfg = Debug|Any CPU
		{80FBF7F2-6300-427D-BF7D-44E3F22647B7}.Debug|x86.Build.0 = Debug|Any CPU
		{80FBF7F2-6300-427D-BF7D-44E3F22647B7}.Release|Any CPU.ActiveCfg = Release|Any CPU
		{80FBF7F2-6300-427D-BF7D-44E3F22647B7}.Release|Any CPU.Build.0 = Release|Any CPU
		{80FBF7F2-6300-427D-BF7D-44E3F22647B7}.Release|x64.ActiveCfg = Release|Any CPU
		{80FBF7F2-6300-427D-BF7D-44E3F22647B7}.Release|x64.Build.0 = Release|Any CPU
		{80FBF7F2-6300-427D-BF7D-44E3F22647B7}.Release|x86.ActiveCfg = Release|Any CPU
		{80FBF7F2-6300-427D-BF7D-44E3F22647B7}.Release|x86.Build.0 = Release|Any CPU
		{85F7FAFE-66F1-484F-BCA4-9BBA385A079B}.Debug|Any CPU.ActiveCfg = Debug|Any CPU
		{85F7FAFE-66F1-484F-BCA4-9BBA385A079B}.Debug|Any CPU.Build.0 = Debug|Any CPU
		{85F7FAFE-66F1-484F-BCA4-9BBA385A079B}.Debug|x64.ActiveCfg = Debug|Any CPU
		{85F7FAFE-66F1-484F-BCA4-9BBA385A079B}.Debug|x64.Build.0 = Debug|Any CPU
		{85F7FAFE-66F1-484F-BCA4-9BBA385A079B}.Debug|x86.ActiveCfg = Debug|Any CPU
		{85F7FAFE-66F1-484F-BCA4-9BBA385A079B}.Debug|x86.Build.0 = Debug|Any CPU
		{85F7FAFE-66F1-484F-BCA4-9BBA385A079B}.Release|Any CPU.ActiveCfg = Release|Any CPU
		{85F7FAFE-66F1-484F-BCA4-9BBA385A079B}.Release|Any CPU.Build.0 = Release|Any CPU
		{85F7FAFE-66F1-484F-BCA4-9BBA385A079B}.Release|x64.ActiveCfg = Release|Any CPU
		{85F7FAFE-66F1-484F-BCA4-9BBA385A079B}.Release|x64.Build.0 = Release|Any CPU
		{85F7FAFE-66F1-484F-BCA4-9BBA385A079B}.Release|x86.ActiveCfg = Release|Any CPU
		{85F7FAFE-66F1-484F-BCA4-9BBA385A079B}.Release|x86.Build.0 = Release|Any CPU
		{B9CF2CEB-A295-4D04-BA67-E3F967DA4921}.Debug|Any CPU.ActiveCfg = Debug|Any CPU
		{B9CF2CEB-A295-4D04-BA67-E3F967DA4921}.Debug|Any CPU.Build.0 = Debug|Any CPU
		{B9CF2CEB-A295-4D04-BA67-E3F967DA4921}.Debug|x64.ActiveCfg = Debug|Any CPU
		{B9CF2CEB-A295-4D04-BA67-E3F967DA4921}.Debug|x64.Build.0 = Debug|Any CPU
		{B9CF2CEB-A295-4D04-BA67-E3F967DA4921}.Debug|x86.ActiveCfg = Debug|Any CPU
		{B9CF2CEB-A295-4D04-BA67-E3F967DA4921}.Debug|x86.Build.0 = Debug|Any CPU
		{B9CF2CEB-A295-4D04-BA67-E3F967DA4921}.Release|Any CPU.ActiveCfg = Release|Any CPU
		{B9CF2CEB-A295-4D04-BA67-E3F967DA4921}.Release|Any CPU.Build.0 = Release|Any CPU
		{B9CF2CEB-A295-4D04-BA67-E3F967DA4921}.Release|x64.ActiveCfg = Release|Any CPU
		{B9CF2CEB-A295-4D04-BA67-E3F967DA4921}.Release|x64.Build.0 = Release|Any CPU
		{B9CF2CEB-A295-4D04-BA67-E3F967DA4921}.Release|x86.ActiveCfg = Release|Any CPU
		{B9CF2CEB-A295-4D04-BA67-E3F967DA4921}.Release|x86.Build.0 = Release|Any CPU
		{1D7CDAB2-6FDB-469E-A4D7-3725552F295E}.Debug|Any CPU.ActiveCfg = Debug|Any CPU
		{1D7CDAB2-6FDB-469E-A4D7-3725552F295E}.Debug|Any CPU.Build.0 = Debug|Any CPU
		{1D7CDAB2-6FDB-469E-A4D7-3725552F295E}.Debug|x64.ActiveCfg = Debug|Any CPU
		{1D7CDAB2-6FDB-469E-A4D7-3725552F295E}.Debug|x64.Build.0 = Debug|Any CPU
		{1D7CDAB2-6FDB-469E-A4D7-3725552F295E}.Debug|x86.ActiveCfg = Debug|Any CPU
		{1D7CDAB2-6FDB-469E-A4D7-3725552F295E}.Debug|x86.Build.0 = Debug|Any CPU
		{1D7CDAB2-6FDB-469E-A4D7-3725552F295E}.Release|Any CPU.ActiveCfg = Release|Any CPU
		{1D7CDAB2-6FDB-469E-A4D7-3725552F295E}.Release|Any CPU.Build.0 = Release|Any CPU
		{1D7CDAB2-6FDB-469E-A4D7-3725552F295E}.Release|x64.ActiveCfg = Release|Any CPU
		{1D7CDAB2-6FDB-469E-A4D7-3725552F295E}.Release|x64.Build.0 = Release|Any CPU
		{1D7CDAB2-6FDB-469E-A4D7-3725552F295E}.Release|x86.ActiveCfg = Release|Any CPU
		{1D7CDAB2-6FDB-469E-A4D7-3725552F295E}.Release|x86.Build.0 = Release|Any CPU
	EndGlobalSection
	GlobalSection(SolutionProperties) = preSolution
		HideSolutionNode = FALSE
	EndGlobalSection
	GlobalSection(NestedProjects) = preSolution
		{80FBF7F2-6300-427D-BF7D-44E3F22647B7} = {A4342A95-7549-4484-801C-7E82F75ACBB7}
		{B9CF2CEB-A295-4D04-BA67-E3F967DA4921} = {A4342A95-7549-4484-801C-7E82F75ACBB7}
		{1D7CDAB2-6FDB-469E-A4D7-3725552F295E} = {A4342A95-7549-4484-801C-7E82F75ACBB7}
	EndGlobalSection
	GlobalSection(ExtensibilityGlobals) = postSolution
		SolutionGuid = {D9E0BD15-EAF0-4ED3-8E84-AE412F872537}
	EndGlobalSection
EndGlobal
